
Microsoft Visual Studio Solution File, Format Version 12.00
# Visual Studio Version 17
VisualStudioVersion = 17.5.33424.131
MinimumVisualStudioVersion = 10.0.40219.1
Project("{FAE04EC0-301F-11D3-BF4B-00C04F79EFBC}") = "ownWorld", "ownWorld\ownWorld.csproj", "{35271DD3-67CB-4B46-B991-56751AB40021}"
EndProject
Global
	GlobalSection(SolutionConfigurationPlatforms) = preSolution
		Debug|Any CPU = Debug|Any CPU
		Release|Any CPU = Release|Any CPU
	EndGlobalSection
	GlobalSection(ProjectConfigurationPlatforms) = postSolution
		{35271DD3-67CB-4B46-B991-56751AB40021}.Debug|Any CPU.ActiveCfg = Debug|Any CPU
		{35271DD3-67CB-4B46-B991-56751AB40021}.Debug|Any CPU.Build.0 = Debug|Any CPU
		{35271DD3-67CB-4B46-B991-56751AB40021}.Release|Any CPU.ActiveCfg = Release|Any CPU
		{35271DD3-67CB-4B46-B991-56751AB40021}.Release|Any CPU.Build.0 = Release|Any CPU
	EndGlobalSection
	GlobalSection(SolutionProperties) = preSolution
		HideSolutionNode = FALSE
	EndGlobalSection
	GlobalSection(ExtensibilityGlobals) = postSolution
		SolutionGuid = {9E50DF5F-C2B8-4F2C-98EF-B888BF05B081}
	EndGlobalSection
EndGlobal
